
Microsoft Visual Studio Solution File, Format Version 12.00
# Visual Studio Version 17
VisualStudioVersion = 17.8.34525.116
MinimumVisualStudioVersion = 10.0.40219.1
Project("{FAE04EC0-301F-11D3-BF4B-00C04F79EFBC}") = "BrightStarPhase1AssessmentTest", "BrightStarPhase1AssessmentTest\BrightStarPhase1AssessmentTest.csproj", "{2F20AD1F-1F16-42A0-838A-3842D0E99895}"
EndProject
Global
	GlobalSection(SolutionConfigurationPlatforms) = preSolution
		Debug|Any CPU = Debug|Any CPU
		Release|Any CPU = Release|Any CPU
	EndGlobalSection
	GlobalSection(ProjectConfigurationPlatforms) = postSolution
		{2F20AD1F-1F16-42A0-838A-3842D0E99895}.Debug|Any CPU.ActiveCfg = Debug|Any CPU
		{2F20AD1F-1F16-42A0-838A-3842D0E99895}.Debug|Any CPU.Build.0 = Debug|Any CPU
		{2F20AD1F-1F16-42A0-838A-3842D0E99895}.Release|Any CPU.ActiveCfg = Release|Any CPU
		{2F20AD1F-1F16-42A0-838A-3842D0E99895}.Release|Any CPU.Build.0 = Release|Any CPU
	EndGlobalSection
	GlobalSection(SolutionProperties) = preSolution
		HideSolutionNode = FALSE
	EndGlobalSection
	GlobalSection(ExtensibilityGlobals) = postSolution
		SolutionGuid = {055800B6-D4B0-45DE-B647-920983B833F5}
	EndGlobalSection
EndGlobal
